// !$*UTF8*$!
{
	archiveVersion = 1;
	classes = {
	};
	objectVersion = 51;
	objects = {

/* Begin PBXBuildFile section */
		500A20E6244D649800643B78 /* ImageEngine in Resources */ = {isa = PBXBuildFile; fileRef = 500A20E5244D649800643B78 /* ImageEngine */; };
		500A20E8244D667000643B78 /* ImageFactory.swift in Sources */ = {isa = PBXBuildFile; fileRef = 500A20E7244D667000643B78 /* ImageFactory.swift */; };
		50215B29244DF52C00545644 /* DetailViewModel.swift in Sources */ = {isa = PBXBuildFile; fileRef = 50215B28244DF52C00545644 /* DetailViewModel.swift */; };
		503ED4562414A27C00749F89 /* CategoryListView.swift in Sources */ = {isa = PBXBuildFile; fileRef = 503ED4552414A27C00749F89 /* CategoryListView.swift */; };
		505D2F96245C0AAF004DF4DD /* CollectionExtensions.swift in Sources */ = {isa = PBXBuildFile; fileRef = 505D2F95245C0AAF004DF4DD /* CollectionExtensions.swift */; };
		505D2F98245C0D0B004DF4DD /* DateSelectorView.swift in Sources */ = {isa = PBXBuildFile; fileRef = 505D2F97245C0D0B004DF4DD /* DateSelectorView.swift */; };
		505D2F9A245C1089004DF4DD /* CGRectExtension.swift in Sources */ = {isa = PBXBuildFile; fileRef = 505D2F99245C1089004DF4DD /* CGRectExtension.swift */; };
		505D2F9E245C2F41004DF4DD /* RxKeyboardHeight.swift in Sources */ = {isa = PBXBuildFile; fileRef = 505D2F9D245C2F41004DF4DD /* RxKeyboardHeight.swift */; };
		6B3533E10A63EF360E42FB62 /* Pods_kMoneyUITests.framework in Frameworks */ = {isa = PBXBuildFile; fileRef = F8E3257BAD4AD8C14171CE09 /* Pods_kMoneyUITests.framework */; };
		B86985727EDE5DC532850060 /* Pods_kMoney.framework in Frameworks */ = {isa = PBXBuildFile; fileRef = C1CF24BF821556BAAF36A576 /* Pods_kMoney.framework */; };
		BE0430FE22E20F4900C5F74B /* ColorSet.swift in Sources */ = {isa = PBXBuildFile; fileRef = BE0430FD22E20F4900C5F74B /* ColorSet.swift */; };
		BE04310022E2102F00C5F74B /* IconSet.swift in Sources */ = {isa = PBXBuildFile; fileRef = BE0430FF22E2102F00C5F74B /* IconSet.swift */; };
		BE04310222E2109400C5F74B /* Category.swift in Sources */ = {isa = PBXBuildFile; fileRef = BE04310122E2109400C5F74B /* Category.swift */; };
		BE04310422E211F700C5F74B /* Record.swift in Sources */ = {isa = PBXBuildFile; fileRef = BE04310322E211F700C5F74B /* Record.swift */; };
		BE04310622E3721B00C5F74B /* HomeViewModel.swift in Sources */ = {isa = PBXBuildFile; fileRef = BE04310522E3721B00C5F74B /* HomeViewModel.swift */; };
		BE04310822E3725700C5F74B /* CalenderView.swift in Sources */ = {isa = PBXBuildFile; fileRef = BE04310722E3725700C5F74B /* CalenderView.swift */; };
		BE15CBBF226308B000AFAB2C /* AppDelegate.swift in Sources */ = {isa = PBXBuildFile; fileRef = BE15CBBE226308B000AFAB2C /* AppDelegate.swift */; };
		BE15CBC9226308B300AFAB2C /* LaunchScreen.storyboard in Resources */ = {isa = PBXBuildFile; fileRef = BE15CBC7226308B300AFAB2C /* LaunchScreen.storyboard */; };
		BE15CBD4226308B300AFAB2C /* kMoneyTests.swift in Sources */ = {isa = PBXBuildFile; fileRef = BE15CBD3226308B300AFAB2C /* kMoneyTests.swift */; };
		BE15CBDF226308B300AFAB2C /* kMoneyUITests.swift in Sources */ = {isa = PBXBuildFile; fileRef = BE15CBDE226308B300AFAB2C /* kMoneyUITests.swift */; };
		BE1AA215230B6F8B00AFB759 /* ModelInitial.swift in Sources */ = {isa = PBXBuildFile; fileRef = BE1AA214230B6F8B00AFB759 /* ModelInitial.swift */; };
		BE1AA218230B793300AFB759 /* RealmHelper.swift in Sources */ = {isa = PBXBuildFile; fileRef = BE1AA217230B793300AFB759 /* RealmHelper.swift */; };
		BE61F45E231435C8002E643C /* CategorySelecteCell.swift in Sources */ = {isa = PBXBuildFile; fileRef = BE61F45D231435C8002E643C /* CategorySelecteCell.swift */; };
		BE7702EC238EBA7400151140 /* BaseViewModel.swift in Sources */ = {isa = PBXBuildFile; fileRef = BE7702EB238EBA7400151140 /* BaseViewModel.swift */; };
		BE7702EE238EBB1800151140 /* CategoryList.json in Resources */ = {isa = PBXBuildFile; fileRef = BE7702ED238EBB1800151140 /* CategoryList.json */; };
		BE9F371922DDB09B009E5E9C /* KMFont.swift in Sources */ = {isa = PBXBuildFile; fileRef = BE9F371822DDB09B009E5E9C /* KMFont.swift */; };
		BE9F371F22DDC07D009E5E9C /* HomeViewController.swift in Sources */ = {isa = PBXBuildFile; fileRef = BE9F371E22DDC07D009E5E9C /* HomeViewController.swift */; };
		BE9F372122DDC0C9009E5E9C /* ReportViewController.swift in Sources */ = {isa = PBXBuildFile; fileRef = BE9F372022DDC0C9009E5E9C /* ReportViewController.swift */; };
		BE9F372322DDC0F3009E5E9C /* SettingViewController.swift in Sources */ = {isa = PBXBuildFile; fileRef = BE9F372222DDC0F3009E5E9C /* SettingViewController.swift */; };
		BEA3CD5B22630F7D00BE1DC8 /* BaseViewController.swift in Sources */ = {isa = PBXBuildFile; fileRef = BEA3CD5A22630F7D00BE1DC8 /* BaseViewController.swift */; };
		BEA3CD5E2263105000BE1DC8 /* BaseNavigationController.swift in Sources */ = {isa = PBXBuildFile; fileRef = BEA3CD5D2263105000BE1DC8 /* BaseNavigationController.swift */; };
		BEA3CD602263107D00BE1DC8 /* DashboardTabBarController.swift in Sources */ = {isa = PBXBuildFile; fileRef = BEA3CD5F2263107D00BE1DC8 /* DashboardTabBarController.swift */; };
		BEA3CDAC2263144B00BE1DC8 /* Asset.xcassets in Resources */ = {isa = PBXBuildFile; fileRef = BEA3CDAB2263144B00BE1DC8 /* Asset.xcassets */; };
		BEA3CDAF226316C400BE1DC8 /* ColorFactory.swift in Sources */ = {isa = PBXBuildFile; fileRef = BEA3CDAE226316C400BE1DC8 /* ColorFactory.swift */; };
		BEA3CDB42263187B00BE1DC8 /* GlobalImport.swift in Sources */ = {isa = PBXBuildFile; fileRef = BEA3CDB32263187B00BE1DC8 /* GlobalImport.swift */; };
		BEE4A30022F556F700C0F81D /* DetailViewController.swift in Sources */ = {isa = PBXBuildFile; fileRef = BEE4A2FF22F556F700C0F81D /* DetailViewController.swift */; };
		BEE4A30722F557BC00C0F81D /* DiffustionPresentAnimation.swift in Sources */ = {isa = PBXBuildFile; fileRef = BEE4A30322F557BC00C0F81D /* DiffustionPresentAnimation.swift */; };
		BEE4A30822F557BC00C0F81D /* DiffusionTransition.swift in Sources */ = {isa = PBXBuildFile; fileRef = BEE4A30422F557BC00C0F81D /* DiffusionTransition.swift */; };
		BEE4A30922F557BC00C0F81D /* DiffusionDismissAnimation.swift in Sources */ = {isa = PBXBuildFile; fileRef = BEE4A30522F557BC00C0F81D /* DiffusionDismissAnimation.swift */; };
		BEE4A30A22F557BC00C0F81D /* UpToDownIneraction.swift in Sources */ = {isa = PBXBuildFile; fileRef = BEE4A30622F557BC00C0F81D /* UpToDownIneraction.swift */; };
		BEE831C52312E4AE00C919F8 /* CategorySelecteView.swift in Sources */ = {isa = PBXBuildFile; fileRef = BEE831C42312E4AE00C919F8 /* CategorySelecteView.swift */; };
		BEECBF6E230C4A9A00CFB393 /* CategoryView.swift in Sources */ = {isa = PBXBuildFile; fileRef = BEECBF6D230C4A9A00CFB393 /* CategoryView.swift */; };
		BEF78B0A232C9B600023DCA7 /* Realm+Ext.swift in Sources */ = {isa = PBXBuildFile; fileRef = BEF78B09232C9B600023DCA7 /* Realm+Ext.swift */; };
		BEF8133B23240D3000EAD664 /* UserDefaultHelper.swift in Sources */ = {isa = PBXBuildFile; fileRef = BEF8133A23240D3000EAD664 /* UserDefaultHelper.swift */; };
		CFBFE81F4417356C7DC2DADA /* Pods_kMoneyTests.framework in Frameworks */ = {isa = PBXBuildFile; fileRef = EDFC44273627002794013491 /* Pods_kMoneyTests.framework */; };
/* End PBXBuildFile section */

/* Begin PBXContainerItemProxy section */
		BE15CBD0226308B300AFAB2C /* PBXContainerItemProxy */ = {
			isa = PBXContainerItemProxy;
			containerPortal = BE15CBB3226308B000AFAB2C /* Project object */;
			proxyType = 1;
			remoteGlobalIDString = BE15CBBA226308B000AFAB2C;
			remoteInfo = kMoney;
		};
		BE15CBDB226308B300AFAB2C /* PBXContainerItemProxy */ = {
			isa = PBXContainerItemProxy;
			containerPortal = BE15CBB3226308B000AFAB2C /* Project object */;
			proxyType = 1;
			remoteGlobalIDString = BE15CBBA226308B000AFAB2C;
			remoteInfo = kMoney;
		};
/* End PBXContainerItemProxy section */

/* Begin PBXFileReference section */
		4EA9D0F760CA475B2F8D7A85 /* Pods-kMoneyUITests.release.xcconfig */ = {isa = PBXFileReference; includeInIndex = 1; lastKnownFileType = text.xcconfig; name = "Pods-kMoneyUITests.release.xcconfig"; path = "Pods/Target Support Files/Pods-kMoneyUITests/Pods-kMoneyUITests.release.xcconfig"; sourceTree = "<group>"; };
		500A20E5244D649800643B78 /* ImageEngine */ = {isa = PBXFileReference; lastKnownFileType = "compiled.mach-o.executable"; path = ImageEngine; sourceTree = "<group>"; };
		500A20E7244D667000643B78 /* ImageFactory.swift */ = {isa = PBXFileReference; fileEncoding = 4; lastKnownFileType = sourcecode.swift; path = ImageFactory.swift; sourceTree = "<group>"; };
		50215B28244DF52C00545644 /* DetailViewModel.swift */ = {isa = PBXFileReference; lastKnownFileType = sourcecode.swift; path = DetailViewModel.swift; sourceTree = "<group>"; };
		503ED4552414A27C00749F89 /* CategoryListView.swift */ = {isa = PBXFileReference; lastKnownFileType = sourcecode.swift; path = CategoryListView.swift; sourceTree = "<group>"; };
		505D2F95245C0AAF004DF4DD /* CollectionExtensions.swift */ = {isa = PBXFileReference; lastKnownFileType = sourcecode.swift; path = CollectionExtensions.swift; sourceTree = "<group>"; };
		505D2F97245C0D0B004DF4DD /* DateSelectorView.swift */ = {isa = PBXFileReference; lastKnownFileType = sourcecode.swift; path = DateSelectorView.swift; sourceTree = "<group>"; };
		505D2F99245C1089004DF4DD /* CGRectExtension.swift */ = {isa = PBXFileReference; lastKnownFileType = sourcecode.swift; path = CGRectExtension.swift; sourceTree = "<group>"; };
		505D2F9D245C2F41004DF4DD /* RxKeyboardHeight.swift */ = {isa = PBXFileReference; lastKnownFileType = sourcecode.swift; path = RxKeyboardHeight.swift; sourceTree = "<group>"; };
		8CC4D85B3AF091562618C4ED /* Pods-kMoney.release.xcconfig */ = {isa = PBXFileReference; includeInIndex = 1; lastKnownFileType = text.xcconfig; name = "Pods-kMoney.release.xcconfig"; path = "Pods/Target Support Files/Pods-kMoney/Pods-kMoney.release.xcconfig"; sourceTree = "<group>"; };
		952CC604BDEB6C93D2BD4B79 /* Pods-kMoneyUITests.debug.xcconfig */ = {isa = PBXFileReference; includeInIndex = 1; lastKnownFileType = text.xcconfig; name = "Pods-kMoneyUITests.debug.xcconfig"; path = "Pods/Target Support Files/Pods-kMoneyUITests/Pods-kMoneyUITests.debug.xcconfig"; sourceTree = "<group>"; };
		A000A5079EA183EBFFC630AF /* Pods-kMoneyTests.debug.xcconfig */ = {isa = PBXFileReference; includeInIndex = 1; lastKnownFileType = text.xcconfig; name = "Pods-kMoneyTests.debug.xcconfig"; path = "Pods/Target Support Files/Pods-kMoneyTests/Pods-kMoneyTests.debug.xcconfig"; sourceTree = "<group>"; };
		BE0430FD22E20F4900C5F74B /* ColorSet.swift */ = {isa = PBXFileReference; lastKnownFileType = sourcecode.swift; path = ColorSet.swift; sourceTree = "<group>"; };
		BE0430FF22E2102F00C5F74B /* IconSet.swift */ = {isa = PBXFileReference; lastKnownFileType = sourcecode.swift; path = IconSet.swift; sourceTree = "<group>"; };
		BE04310122E2109400C5F74B /* Category.swift */ = {isa = PBXFileReference; lastKnownFileType = sourcecode.swift; path = Category.swift; sourceTree = "<group>"; };
		BE04310322E211F700C5F74B /* Record.swift */ = {isa = PBXFileReference; lastKnownFileType = sourcecode.swift; path = Record.swift; sourceTree = "<group>"; };
		BE04310522E3721B00C5F74B /* HomeViewModel.swift */ = {isa = PBXFileReference; lastKnownFileType = sourcecode.swift; path = HomeViewModel.swift; sourceTree = "<group>"; };
		BE04310722E3725700C5F74B /* CalenderView.swift */ = {isa = PBXFileReference; lastKnownFileType = sourcecode.swift; path = CalenderView.swift; sourceTree = "<group>"; };
		BE15CBBB226308B000AFAB2C /* kMoney.app */ = {isa = PBXFileReference; explicitFileType = wrapper.application; includeInIndex = 0; path = kMoney.app; sourceTree = BUILT_PRODUCTS_DIR; };
		BE15CBBE226308B000AFAB2C /* AppDelegate.swift */ = {isa = PBXFileReference; lastKnownFileType = sourcecode.swift; path = AppDelegate.swift; sourceTree = "<group>"; };
		BE15CBC8226308B300AFAB2C /* Base */ = {isa = PBXFileReference; lastKnownFileType = file.storyboard; name = Base; path = Base.lproj/LaunchScreen.storyboard; sourceTree = "<group>"; };
		BE15CBCA226308B300AFAB2C /* Info.plist */ = {isa = PBXFileReference; lastKnownFileType = text.plist.xml; path = Info.plist; sourceTree = "<group>"; };
		BE15CBCF226308B300AFAB2C /* kMoneyTests.xctest */ = {isa = PBXFileReference; explicitFileType = wrapper.cfbundle; includeInIndex = 0; path = kMoneyTests.xctest; sourceTree = BUILT_PRODUCTS_DIR; };
		BE15CBD3226308B300AFAB2C /* kMoneyTests.swift */ = {isa = PBXFileReference; lastKnownFileType = sourcecode.swift; path = kMoneyTests.swift; sourceTree = "<group>"; };
		BE15CBD5226308B300AFAB2C /* Info.plist */ = {isa = PBXFileReference; lastKnownFileType = text.plist.xml; path = Info.plist; sourceTree = "<group>"; };
		BE15CBDA226308B300AFAB2C /* kMoneyUITests.xctest */ = {isa = PBXFileReference; explicitFileType = wrapper.cfbundle; includeInIndex = 0; path = kMoneyUITests.xctest; sourceTree = BUILT_PRODUCTS_DIR; };
		BE15CBDE226308B300AFAB2C /* kMoneyUITests.swift */ = {isa = PBXFileReference; lastKnownFileType = sourcecode.swift; path = kMoneyUITests.swift; sourceTree = "<group>"; };
		BE15CBE0226308B300AFAB2C /* Info.plist */ = {isa = PBXFileReference; lastKnownFileType = text.plist.xml; path = Info.plist; sourceTree = "<group>"; };
		BE1AA214230B6F8B00AFB759 /* ModelInitial.swift */ = {isa = PBXFileReference; lastKnownFileType = sourcecode.swift; path = ModelInitial.swift; sourceTree = "<group>"; };
		BE1AA217230B793300AFB759 /* RealmHelper.swift */ = {isa = PBXFileReference; lastKnownFileType = sourcecode.swift; path = RealmHelper.swift; sourceTree = "<group>"; };
		BE61F45D231435C8002E643C /* CategorySelecteCell.swift */ = {isa = PBXFileReference; lastKnownFileType = sourcecode.swift; path = CategorySelecteCell.swift; sourceTree = "<group>"; };
		BE7702EB238EBA7400151140 /* BaseViewModel.swift */ = {isa = PBXFileReference; lastKnownFileType = sourcecode.swift; path = BaseViewModel.swift; sourceTree = "<group>"; };
		BE7702ED238EBB1800151140 /* CategoryList.json */ = {isa = PBXFileReference; fileEncoding = 4; lastKnownFileType = text.json; path = CategoryList.json; sourceTree = "<group>"; };
		BE9F371822DDB09B009E5E9C /* KMFont.swift */ = {isa = PBXFileReference; lastKnownFileType = sourcecode.swift; path = KMFont.swift; sourceTree = "<group>"; };
		BE9F371E22DDC07D009E5E9C /* HomeViewController.swift */ = {isa = PBXFileReference; lastKnownFileType = sourcecode.swift; path = HomeViewController.swift; sourceTree = "<group>"; };
		BE9F372022DDC0C9009E5E9C /* ReportViewController.swift */ = {isa = PBXFileReference; lastKnownFileType = sourcecode.swift; path = ReportViewController.swift; sourceTree = "<group>"; };
		BE9F372222DDC0F3009E5E9C /* SettingViewController.swift */ = {isa = PBXFileReference; lastKnownFileType = sourcecode.swift; path = SettingViewController.swift; sourceTree = "<group>"; };
		BEA3CD5A22630F7D00BE1DC8 /* BaseViewController.swift */ = {isa = PBXFileReference; lastKnownFileType = sourcecode.swift; path = BaseViewController.swift; sourceTree = "<group>"; };
		BEA3CD5D2263105000BE1DC8 /* BaseNavigationController.swift */ = {isa = PBXFileReference; lastKnownFileType = sourcecode.swift; path = BaseNavigationController.swift; sourceTree = "<group>"; };
		BEA3CD5F2263107D00BE1DC8 /* DashboardTabBarController.swift */ = {isa = PBXFileReference; lastKnownFileType = sourcecode.swift; path = DashboardTabBarController.swift; sourceTree = "<group>"; };
		BEA3CDAB2263144B00BE1DC8 /* Asset.xcassets */ = {isa = PBXFileReference; lastKnownFileType = folder.assetcatalog; path = Asset.xcassets; sourceTree = "<group>"; };
		BEA3CDAE226316C400BE1DC8 /* ColorFactory.swift */ = {isa = PBXFileReference; lastKnownFileType = sourcecode.swift; path = ColorFactory.swift; sourceTree = "<group>"; };
		BEA3CDB32263187B00BE1DC8 /* GlobalImport.swift */ = {isa = PBXFileReference; lastKnownFileType = sourcecode.swift; path = GlobalImport.swift; sourceTree = "<group>"; };
		BEE4A2FF22F556F700C0F81D /* DetailViewController.swift */ = {isa = PBXFileReference; lastKnownFileType = sourcecode.swift; path = DetailViewController.swift; sourceTree = "<group>"; };
		BEE4A30322F557BC00C0F81D /* DiffustionPresentAnimation.swift */ = {isa = PBXFileReference; fileEncoding = 4; lastKnownFileType = sourcecode.swift; path = DiffustionPresentAnimation.swift; sourceTree = "<group>"; };
		BEE4A30422F557BC00C0F81D /* DiffusionTransition.swift */ = {isa = PBXFileReference; fileEncoding = 4; lastKnownFileType = sourcecode.swift; path = DiffusionTransition.swift; sourceTree = "<group>"; };
		BEE4A30522F557BC00C0F81D /* DiffusionDismissAnimation.swift */ = {isa = PBXFileReference; fileEncoding = 4; lastKnownFileType = sourcecode.swift; path = DiffusionDismissAnimation.swift; sourceTree = "<group>"; };
		BEE4A30622F557BC00C0F81D /* UpToDownIneraction.swift */ = {isa = PBXFileReference; fileEncoding = 4; lastKnownFileType = sourcecode.swift; path = UpToDownIneraction.swift; sourceTree = "<group>"; };
		BEE831C42312E4AE00C919F8 /* CategorySelecteView.swift */ = {isa = PBXFileReference; lastKnownFileType = sourcecode.swift; path = CategorySelecteView.swift; sourceTree = "<group>"; };
		BEECBF6D230C4A9A00CFB393 /* CategoryView.swift */ = {isa = PBXFileReference; lastKnownFileType = sourcecode.swift; path = CategoryView.swift; sourceTree = "<group>"; };
		BEF78B09232C9B600023DCA7 /* Realm+Ext.swift */ = {isa = PBXFileReference; lastKnownFileType = sourcecode.swift; path = "Realm+Ext.swift"; sourceTree = "<group>"; };
		BEF8133A23240D3000EAD664 /* UserDefaultHelper.swift */ = {isa = PBXFileReference; lastKnownFileType = sourcecode.swift; path = UserDefaultHelper.swift; sourceTree = "<group>"; };
		C1CF24BF821556BAAF36A576 /* Pods_kMoney.framework */ = {isa = PBXFileReference; explicitFileType = wrapper.framework; includeInIndex = 0; path = Pods_kMoney.framework; sourceTree = BUILT_PRODUCTS_DIR; };
		E3753CC075D28F88815CCE5F /* Pods-kMoney.debug.xcconfig */ = {isa = PBXFileReference; includeInIndex = 1; lastKnownFileType = text.xcconfig; name = "Pods-kMoney.debug.xcconfig"; path = "Pods/Target Support Files/Pods-kMoney/Pods-kMoney.debug.xcconfig"; sourceTree = "<group>"; };
		EDFC44273627002794013491 /* Pods_kMoneyTests.framework */ = {isa = PBXFileReference; explicitFileType = wrapper.framework; includeInIndex = 0; path = Pods_kMoneyTests.framework; sourceTree = BUILT_PRODUCTS_DIR; };
		EFC94C01D0F741EAF9B19809 /* Pods-kMoneyTests.release.xcconfig */ = {isa = PBXFileReference; includeInIndex = 1; lastKnownFileType = text.xcconfig; name = "Pods-kMoneyTests.release.xcconfig"; path = "Pods/Target Support Files/Pods-kMoneyTests/Pods-kMoneyTests.release.xcconfig"; sourceTree = "<group>"; };
		F8E3257BAD4AD8C14171CE09 /* Pods_kMoneyUITests.framework */ = {isa = PBXFileReference; explicitFileType = wrapper.framework; includeInIndex = 0; path = Pods_kMoneyUITests.framework; sourceTree = BUILT_PRODUCTS_DIR; };
/* End PBXFileReference section */

/* Begin PBXFrameworksBuildPhase section */
		BE15CBB8226308B000AFAB2C /* Frameworks */ = {
			isa = PBXFrameworksBuildPhase;
			buildActionMask = 2147483647;
			files = (
				B86985727EDE5DC532850060 /* Pods_kMoney.framework in Frameworks */,
			);
			runOnlyForDeploymentPostprocessing = 0;
		};
		BE15CBCC226308B300AFAB2C /* Frameworks */ = {
			isa = PBXFrameworksBuildPhase;
			buildActionMask = 2147483647;
			files = (
				CFBFE81F4417356C7DC2DADA /* Pods_kMoneyTests.framework in Frameworks */,
			);
			runOnlyForDeploymentPostprocessing = 0;
		};
		BE15CBD7226308B300AFAB2C /* Frameworks */ = {
			isa = PBXFrameworksBuildPhase;
			buildActionMask = 2147483647;
			files = (
				6B3533E10A63EF360E42FB62 /* Pods_kMoneyUITests.framework in Frameworks */,
			);
			runOnlyForDeploymentPostprocessing = 0;
		};
/* End PBXFrameworksBuildPhase section */

/* Begin PBXGroup section */
		494557E48AB80F0D2A5AA2BB /* Pods */ = {
			isa = PBXGroup;
			children = (
				E3753CC075D28F88815CCE5F /* Pods-kMoney.debug.xcconfig */,
				8CC4D85B3AF091562618C4ED /* Pods-kMoney.release.xcconfig */,
				A000A5079EA183EBFFC630AF /* Pods-kMoneyTests.debug.xcconfig */,
				EFC94C01D0F741EAF9B19809 /* Pods-kMoneyTests.release.xcconfig */,
				952CC604BDEB6C93D2BD4B79 /* Pods-kMoneyUITests.debug.xcconfig */,
				4EA9D0F760CA475B2F8D7A85 /* Pods-kMoneyUITests.release.xcconfig */,
			);
			name = Pods;
			sourceTree = "<group>";
		};
		503ED4502414A22000749F89 /* Main */ = {
			isa = PBXGroup;
			children = (
				503ED4512414A22800749F89 /* Detail */,
			);
			path = Main;
			sourceTree = "<group>";
		};
		503ED4512414A22800749F89 /* Detail */ = {
			isa = PBXGroup;
			children = (
				503ED4532414A22F00749F89 /* Model */,
				503ED4522414A22D00749F89 /* View */,
				503ED4542414A23300749F89 /* ViewModel */,
			);
			path = Detail;
			sourceTree = "<group>";
		};
		503ED4522414A22D00749F89 /* View */ = {
			isa = PBXGroup;
			children = (
				BEE4A2FF22F556F700C0F81D /* DetailViewController.swift */,
				503ED4552414A27C00749F89 /* CategoryListView.swift */,
				BEE831C42312E4AE00C919F8 /* CategorySelecteView.swift */,
				BE61F45D231435C8002E643C /* CategorySelecteCell.swift */,
				505D2F97245C0D0B004DF4DD /* DateSelectorView.swift */,
			);
			path = View;
			sourceTree = "<group>";
		};
		503ED4532414A22F00749F89 /* Model */ = {
			isa = PBXGroup;
			children = (
			);
			path = Model;
			sourceTree = "<group>";
		};
		503ED4542414A23300749F89 /* ViewModel */ = {
			isa = PBXGroup;
			children = (
				50215B28244DF52C00545644 /* DetailViewModel.swift */,
			);
			path = ViewModel;
			sourceTree = "<group>";
		};
		505D2F94245C0A94004DF4DD /* Extensions */ = {
			isa = PBXGroup;
			children = (
				505D2F95245C0AAF004DF4DD /* CollectionExtensions.swift */,
				505D2F99245C1089004DF4DD /* CGRectExtension.swift */,
			);
			path = Extensions;
			sourceTree = "<group>";
		};
		505D2F9B245C247C004DF4DD /* Model */ = {
			isa = PBXGroup;
			children = (
				BE0430FD22E20F4900C5F74B /* ColorSet.swift */,
				BE0430FF22E2102F00C5F74B /* IconSet.swift */,
				BE04310122E2109400C5F74B /* Category.swift */,
				BE04310322E211F700C5F74B /* Record.swift */,
				BE1AA214230B6F8B00AFB759 /* ModelInitial.swift */,
			);
			path = Model;
			sourceTree = "<group>";
		};
		95EFFB9D4427AC747AA3A2A2 /* Frameworks */ = {
			isa = PBXGroup;
			children = (
				C1CF24BF821556BAAF36A576 /* Pods_kMoney.framework */,
				EDFC44273627002794013491 /* Pods_kMoneyTests.framework */,
				F8E3257BAD4AD8C14171CE09 /* Pods_kMoneyUITests.framework */,
			);
			name = Frameworks;
			sourceTree = "<group>";
		};
		BE006B4022DDA62900A08239 /* Resource */ = {
			isa = PBXGroup;
			children = (
				BEA3CDB32263187B00BE1DC8 /* GlobalImport.swift */,
				BE15CBBE226308B000AFAB2C /* AppDelegate.swift */,
				BE15CBC7226308B300AFAB2C /* LaunchScreen.storyboard */,
				BEA3CDAB2263144B00BE1DC8 /* Asset.xcassets */,
				BE15CBCA226308B300AFAB2C /* Info.plist */,
				BE7702ED238EBB1800151140 /* CategoryList.json */,
			);
			path = Resource;
			sourceTree = "<group>";
		};
		BE0454ED22EC3A0800255267 /* Controller */ = {
			isa = PBXGroup;
			children = (
				BEA3CD5A22630F7D00BE1DC8 /* BaseViewController.swift */,
				BEA3CD5D2263105000BE1DC8 /* BaseNavigationController.swift */,
			);
			path = Controller;
			sourceTree = "<group>";
		};
		BE0454EE22EC4A4200255267 /* View */ = {
			isa = PBXGroup;
			children = (
				BEECBF6D230C4A9A00CFB393 /* CategoryView.swift */,
			);
			path = View;
			sourceTree = "<group>";
		};
		BE15CBB2226308B000AFAB2C = {
			isa = PBXGroup;
			children = (
				BE15CBBD226308B000AFAB2C /* kMoney */,
				BE15CBD2226308B300AFAB2C /* kMoneyTests */,
				BE15CBDD226308B300AFAB2C /* kMoneyUITests */,
				BE15CBBC226308B000AFAB2C /* Products */,
				494557E48AB80F0D2A5AA2BB /* Pods */,
				95EFFB9D4427AC747AA3A2A2 /* Frameworks */,
			);
			sourceTree = "<group>";
		};
		BE15CBBC226308B000AFAB2C /* Products */ = {
			isa = PBXGroup;
			children = (
				BE15CBBB226308B000AFAB2C /* kMoney.app */,
				BE15CBCF226308B300AFAB2C /* kMoneyTests.xctest */,
				BE15CBDA226308B300AFAB2C /* kMoneyUITests.xctest */,
			);
			name = Products;
			sourceTree = "<group>";
		};
		BE15CBBD226308B000AFAB2C /* kMoney */ = {
			isa = PBXGroup;
			children = (
				BE006B4022DDA62900A08239 /* Resource */,
				BE9F371622DDB066009E5E9C /* Theme */,
				BEA3CD5C22630F8100BE1DC8 /* Base */,
				503ED4502414A22000749F89 /* Main */,
				BEA3CD5922630F5300BE1DC8 /* Model */,
				BEA3CD5722630F3200BE1DC8 /* View */,
				BEA3CD5822630F3F00BE1DC8 /* ViewModel */,
				505D2F94245C0A94004DF4DD /* Extensions */,
				BE7E59F723240C9100BA06F3 /* Helpers */,
				BEECBF71230C4BFF00CFB393 /* Factory */,
			);
			path = kMoney;
			sourceTree = "<group>";
		};
		BE15CBD2226308B300AFAB2C /* kMoneyTests */ = {
			isa = PBXGroup;
			children = (
				BE15CBD3226308B300AFAB2C /* kMoneyTests.swift */,
				BE15CBD5226308B300AFAB2C /* Info.plist */,
			);
			path = kMoneyTests;
			sourceTree = "<group>";
		};
		BE15CBDD226308B300AFAB2C /* kMoneyUITests */ = {
			isa = PBXGroup;
			children = (
				BE15CBDE226308B300AFAB2C /* kMoneyUITests.swift */,
				BE15CBE0226308B300AFAB2C /* Info.plist */,
			);
			path = kMoneyUITests;
			sourceTree = "<group>";
		};
		BE1AA216230B792300AFB759 /* Realm */ = {
			isa = PBXGroup;
			children = (
				BE1AA217230B793300AFB759 /* RealmHelper.swift */,
				BEF78B09232C9B600023DCA7 /* Realm+Ext.swift */,
			);
			path = Realm;
			sourceTree = "<group>";
		};
		BE7E59F723240C9100BA06F3 /* Helpers */ = {
			isa = PBXGroup;
			children = (
				BEF8133A23240D3000EAD664 /* UserDefaultHelper.swift */,
				505D2F9D245C2F41004DF4DD /* RxKeyboardHeight.swift */,
				BE1AA216230B792300AFB759 /* Realm */,
			);
			path = Helpers;
			sourceTree = "<group>";
		};
		BE9F371622DDB066009E5E9C /* Theme */ = {
			isa = PBXGroup;
			children = (
				BE9F371722DDB07D009E5E9C /* Font */,
			);
			path = Theme;
			sourceTree = "<group>";
		};
		BE9F371722DDB07D009E5E9C /* Font */ = {
			isa = PBXGroup;
			children = (
				BE9F371822DDB09B009E5E9C /* KMFont.swift */,
			);
			path = Font;
			sourceTree = "<group>";
		};
		BE9F371D22DDBF88009E5E9C /* Home */ = {
			isa = PBXGroup;
			children = (
				BE9F371E22DDC07D009E5E9C /* HomeViewController.swift */,
				BE04310722E3725700C5F74B /* CalenderView.swift */,
			);
			path = Home;
			sourceTree = "<group>";
		};
		BEA3CD5722630F3200BE1DC8 /* View */ = {
			isa = PBXGroup;
			children = (
				BEA3CD612263108200BE1DC8 /* Dashboard */,
				BE9F371D22DDBF88009E5E9C /* Home */,
				BEA3CDA52263123200BE1DC8 /* Report */,
				BEA3CDA62263126800BE1DC8 /* SettingPage */,
			);
			path = View;
			sourceTree = "<group>";
		};
		BEA3CD5822630F3F00BE1DC8 /* ViewModel */ = {
			isa = PBXGroup;
			children = (
				BE7702EB238EBA7400151140 /* BaseViewModel.swift */,
				BE04310522E3721B00C5F74B /* HomeViewModel.swift */,
			);
			path = ViewModel;
			sourceTree = "<group>";
		};
		BEA3CD5922630F5300BE1DC8 /* Model */ = {
			isa = PBXGroup;
			children = (
			);
			path = Model;
			sourceTree = "<group>";
		};
		BEA3CD5C22630F8100BE1DC8 /* Base */ = {
			isa = PBXGroup;
			children = (
				505D2F9B245C247C004DF4DD /* Model */,
				BE0454EE22EC4A4200255267 /* View */,
				BE0454ED22EC3A0800255267 /* Controller */,
				BEE4A30122F5575600C0F81D /* AnimationTransition */,
			);
			path = Base;
			sourceTree = "<group>";
		};
		BEA3CD612263108200BE1DC8 /* Dashboard */ = {
			isa = PBXGroup;
			children = (
				BEA3CD5F2263107D00BE1DC8 /* DashboardTabBarController.swift */,
			);
			path = Dashboard;
			sourceTree = "<group>";
		};
		BEA3CDA52263123200BE1DC8 /* Report */ = {
			isa = PBXGroup;
			children = (
				BE9F372022DDC0C9009E5E9C /* ReportViewController.swift */,
			);
			path = Report;
			sourceTree = "<group>";
		};
		BEA3CDA62263126800BE1DC8 /* SettingPage */ = {
			isa = PBXGroup;
			children = (
				BE9F372222DDC0F3009E5E9C /* SettingViewController.swift */,
			);
			path = SettingPage;
			sourceTree = "<group>";
		};
		BEE4A30122F5575600C0F81D /* AnimationTransition */ = {
			isa = PBXGroup;
			children = (
				BEE4A30222F557AC00C0F81D /* Diffusion */,
			);
			path = AnimationTransition;
			sourceTree = "<group>";
		};
		BEE4A30222F557AC00C0F81D /* Diffusion */ = {
			isa = PBXGroup;
			children = (
				BEE4A30522F557BC00C0F81D /* DiffusionDismissAnimation.swift */,
				BEE4A30322F557BC00C0F81D /* DiffustionPresentAnimation.swift */,
				BEE4A30422F557BC00C0F81D /* DiffusionTransition.swift */,
				BEE4A30622F557BC00C0F81D /* UpToDownIneraction.swift */,
			);
			path = Diffusion;
			sourceTree = "<group>";
		};
		BEECBF71230C4BFF00CFB393 /* Factory */ = {
			isa = PBXGroup;
			children = (
				500A20E5244D649800643B78 /* ImageEngine */,
				500A20E7244D667000643B78 /* ImageFactory.swift */,
				BEA3CDAE226316C400BE1DC8 /* ColorFactory.swift */,
			);
			path = Factory;
			sourceTree = "<group>";
		};
/* End PBXGroup section */

/* Begin PBXNativeTarget section */
		BE15CBBA226308B000AFAB2C /* kMoney */ = {
			isa = PBXNativeTarget;
			buildConfigurationList = BE15CBE3226308B300AFAB2C /* Build configuration list for PBXNativeTarget "kMoney" */;
			buildPhases = (
				58EA498537E77F4CDFE30FB7 /* [CP] Check Pods Manifest.lock */,
				BE15CBB7226308B000AFAB2C /* Sources */,
				BE15CBB8226308B000AFAB2C /* Frameworks */,
				BE15CBB9226308B000AFAB2C /* Resources */,
				54731B0EDEB7B5128E73DA41 /* [CP] Embed Pods Frameworks */,
			);
			buildRules = (
			);
			dependencies = (
			);
			name = kMoney;
			productName = kMoney;
			productReference = BE15CBBB226308B000AFAB2C /* kMoney.app */;
			productType = "com.apple.product-type.application";
		};
		BE15CBCE226308B300AFAB2C /* kMoneyTests */ = {
			isa = PBXNativeTarget;
			buildConfigurationList = BE15CBE6226308B300AFAB2C /* Build configuration list for PBXNativeTarget "kMoneyTests" */;
			buildPhases = (
				57C044E25678D3029826601B /* [CP] Check Pods Manifest.lock */,
				BE15CBCB226308B300AFAB2C /* Sources */,
				BE15CBCC226308B300AFAB2C /* Frameworks */,
				BE15CBCD226308B300AFAB2C /* Resources */,
			);
			buildRules = (
			);
			dependencies = (
				BE15CBD1226308B300AFAB2C /* PBXTargetDependency */,
			);
			name = kMoneyTests;
			productName = kMoneyTests;
			productReference = BE15CBCF226308B300AFAB2C /* kMoneyTests.xctest */;
			productType = "com.apple.product-type.bundle.unit-test";
		};
		BE15CBD9226308B300AFAB2C /* kMoneyUITests */ = {
			isa = PBXNativeTarget;
			buildConfigurationList = BE15CBE9226308B300AFAB2C /* Build configuration list for PBXNativeTarget "kMoneyUITests" */;
			buildPhases = (
				3F5B600A29538BBA8F875FC9 /* [CP] Check Pods Manifest.lock */,
				BE15CBD6226308B300AFAB2C /* Sources */,
				BE15CBD7226308B300AFAB2C /* Frameworks */,
				BE15CBD8226308B300AFAB2C /* Resources */,
			);
			buildRules = (
			);
			dependencies = (
				BE15CBDC226308B300AFAB2C /* PBXTargetDependency */,
			);
			name = kMoneyUITests;
			productName = kMoneyUITests;
			productReference = BE15CBDA226308B300AFAB2C /* kMoneyUITests.xctest */;
			productType = "com.apple.product-type.bundle.ui-testing";
		};
/* End PBXNativeTarget section */

/* Begin PBXProject section */
		BE15CBB3226308B000AFAB2C /* Project object */ = {
			isa = PBXProject;
			attributes = {
				LastSwiftUpdateCheck = 1020;
				LastUpgradeCheck = 1020;
				ORGANIZATIONNAME = ohlulu;
				TargetAttributes = {
					BE15CBBA226308B000AFAB2C = {
						CreatedOnToolsVersion = 10.2;
					};
					BE15CBCE226308B300AFAB2C = {
						CreatedOnToolsVersion = 10.2;
						TestTargetID = BE15CBBA226308B000AFAB2C;
					};
					BE15CBD9226308B300AFAB2C = {
						CreatedOnToolsVersion = 10.2;
						TestTargetID = BE15CBBA226308B000AFAB2C;
					};
				};
			};
			buildConfigurationList = BE15CBB6226308B000AFAB2C /* Build configuration list for PBXProject "kMoney" */;
			compatibilityVersion = "Xcode 9.3";
			developmentRegion = en;
			hasScannedForEncodings = 0;
			knownRegions = (
				en,
				Base,
			);
			mainGroup = BE15CBB2226308B000AFAB2C;
			productRefGroup = BE15CBBC226308B000AFAB2C /* Products */;
			projectDirPath = "";
			projectRoot = "";
			targets = (
				BE15CBBA226308B000AFAB2C /* kMoney */,
				BE15CBCE226308B300AFAB2C /* kMoneyTests */,
				BE15CBD9226308B300AFAB2C /* kMoneyUITests */,
			);
		};
/* End PBXProject section */

/* Begin PBXResourcesBuildPhase section */
		BE15CBB9226308B000AFAB2C /* Resources */ = {
			isa = PBXResourcesBuildPhase;
			buildActionMask = 2147483647;
			files = (
				500A20E6244D649800643B78 /* ImageEngine in Resources */,
				BEA3CDAC2263144B00BE1DC8 /* Asset.xcassets in Resources */,
				BE7702EE238EBB1800151140 /* CategoryList.json in Resources */,
				BE15CBC9226308B300AFAB2C /* LaunchScreen.storyboard in Resources */,
			);
			runOnlyForDeploymentPostprocessing = 0;
		};
		BE15CBCD226308B300AFAB2C /* Resources */ = {
			isa = PBXResourcesBuildPhase;
			buildActionMask = 2147483647;
			files = (
			);
			runOnlyForDeploymentPostprocessing = 0;
		};
		BE15CBD8226308B300AFAB2C /* Resources */ = {
			isa = PBXResourcesBuildPhase;
			buildActionMask = 2147483647;
			files = (
			);
			runOnlyForDeploymentPostprocessing = 0;
		};
/* End PBXResourcesBuildPhase section */

/* Begin PBXShellScriptBuildPhase section */
		3F5B600A29538BBA8F875FC9 /* [CP] Check Pods Manifest.lock */ = {
			isa = PBXShellScriptBuildPhase;
			buildActionMask = 2147483647;
			files = (
			);
			inputFileListPaths = (
			);
			inputPaths = (
				"${PODS_PODFILE_DIR_PATH}/Podfile.lock",
				"${PODS_ROOT}/Manifest.lock",
			);
			name = "[CP] Check Pods Manifest.lock";
			outputFileListPaths = (
			);
			outputPaths = (
				"$(DERIVED_FILE_DIR)/Pods-kMoneyUITests-checkManifestLockResult.txt",
			);
			runOnlyForDeploymentPostprocessing = 0;
			shellPath = /bin/sh;
			shellScript = "diff \"${PODS_PODFILE_DIR_PATH}/Podfile.lock\" \"${PODS_ROOT}/Manifest.lock\" > /dev/null\nif [ $? != 0 ] ; then\n    # print error to STDERR\n    echo \"error: The sandbox is not in sync with the Podfile.lock. Run 'pod install' or update your CocoaPods installation.\" >&2\n    exit 1\nfi\n# This output is used by Xcode 'outputs' to avoid re-running this script phase.\necho \"SUCCESS\" > \"${SCRIPT_OUTPUT_FILE_0}\"\n";
			showEnvVarsInLog = 0;
		};
		54731B0EDEB7B5128E73DA41 /* [CP] Embed Pods Frameworks */ = {
			isa = PBXShellScriptBuildPhase;
			buildActionMask = 2147483647;
			files = (
			);
			inputFileListPaths = (
				"${PODS_ROOT}/Target Support Files/Pods-kMoney/Pods-kMoney-frameworks-${CONFIGURATION}-input-files.xcfilelist",
			);
			name = "[CP] Embed Pods Frameworks";
			outputFileListPaths = (
				"${PODS_ROOT}/Target Support Files/Pods-kMoney/Pods-kMoney-frameworks-${CONFIGURATION}-output-files.xcfilelist",
			);
			runOnlyForDeploymentPostprocessing = 0;
			shellPath = /bin/sh;
			shellScript = "\"${PODS_ROOT}/Target Support Files/Pods-kMoney/Pods-kMoney-frameworks.sh\"\n";
			showEnvVarsInLog = 0;
		};
		57C044E25678D3029826601B /* [CP] Check Pods Manifest.lock */ = {
			isa = PBXShellScriptBuildPhase;
			buildActionMask = 2147483647;
			files = (
			);
			inputFileListPaths = (
			);
			inputPaths = (
				"${PODS_PODFILE_DIR_PATH}/Podfile.lock",
				"${PODS_ROOT}/Manifest.lock",
			);
			name = "[CP] Check Pods Manifest.lock";
			outputFileListPaths = (
			);
			outputPaths = (
				"$(DERIVED_FILE_DIR)/Pods-kMoneyTests-checkManifestLockResult.txt",
			);
			runOnlyForDeploymentPostprocessing = 0;
			shellPath = /bin/sh;
			shellScript = "diff \"${PODS_PODFILE_DIR_PATH}/Podfile.lock\" \"${PODS_ROOT}/Manifest.lock\" > /dev/null\nif [ $? != 0 ] ; then\n    # print error to STDERR\n    echo \"error: The sandbox is not in sync with the Podfile.lock. Run 'pod install' or update your CocoaPods installation.\" >&2\n    exit 1\nfi\n# This output is used by Xcode 'outputs' to avoid re-running this script phase.\necho \"SUCCESS\" > \"${SCRIPT_OUTPUT_FILE_0}\"\n";
			showEnvVarsInLog = 0;
		};
		58EA498537E77F4CDFE30FB7 /* [CP] Check Pods Manifest.lock */ = {
			isa = PBXShellScriptBuildPhase;
			buildActionMask = 2147483647;
			files = (
			);
			inputFileListPaths = (
			);
			inputPaths = (
				"${PODS_PODFILE_DIR_PATH}/Podfile.lock",
				"${PODS_ROOT}/Manifest.lock",
			);
			name = "[CP] Check Pods Manifest.lock";
			outputFileListPaths = (
			);
			outputPaths = (
				"$(DERIVED_FILE_DIR)/Pods-kMoney-checkManifestLockResult.txt",
			);
			runOnlyForDeploymentPostprocessing = 0;
			shellPath = /bin/sh;
			shellScript = "diff \"${PODS_PODFILE_DIR_PATH}/Podfile.lock\" \"${PODS_ROOT}/Manifest.lock\" > /dev/null\nif [ $? != 0 ] ; then\n    # print error to STDERR\n    echo \"error: The sandbox is not in sync with the Podfile.lock. Run 'pod install' or update your CocoaPods installation.\" >&2\n    exit 1\nfi\n# This output is used by Xcode 'outputs' to avoid re-running this script phase.\necho \"SUCCESS\" > \"${SCRIPT_OUTPUT_FILE_0}\"\n";
			showEnvVarsInLog = 0;
		};
/* End PBXShellScriptBuildPhase section */

/* Begin PBXSourcesBuildPhase section */
		BE15CBB7226308B000AFAB2C /* Sources */ = {
			isa = PBXSourcesBuildPhase;
			buildActionMask = 2147483647;
			files = (
				BEA3CDAF226316C400BE1DC8 /* ColorFactory.swift in Sources */,
				BE15CBBF226308B000AFAB2C /* AppDelegate.swift in Sources */,
				BE9F372322DDC0F3009E5E9C /* SettingViewController.swift in Sources */,
				BE61F45E231435C8002E643C /* CategorySelecteCell.swift in Sources */,
				BEE4A30722F557BC00C0F81D /* DiffustionPresentAnimation.swift in Sources */,
				505D2F98245C0D0B004DF4DD /* DateSelectorView.swift in Sources */,
				BE0430FE22E20F4900C5F74B /* ColorSet.swift in Sources */,
				BEE4A30A22F557BC00C0F81D /* UpToDownIneraction.swift in Sources */,
				BE04310022E2102F00C5F74B /* IconSet.swift in Sources */,
				BEA3CDB42263187B00BE1DC8 /* GlobalImport.swift in Sources */,
				505D2F9A245C1089004DF4DD /* CGRectExtension.swift in Sources */,
				BE1AA215230B6F8B00AFB759 /* ModelInitial.swift in Sources */,
				BE9F372122DDC0C9009E5E9C /* ReportViewController.swift in Sources */,
				BE9F371922DDB09B009E5E9C /* KMFont.swift in Sources */,
				BEA3CD5B22630F7D00BE1DC8 /* BaseViewController.swift in Sources */,
				BEA3CD602263107D00BE1DC8 /* DashboardTabBarController.swift in Sources */,
				BE1AA218230B793300AFB759 /* RealmHelper.swift in Sources */,
				BEECBF6E230C4A9A00CFB393 /* CategoryView.swift in Sources */,
				BE04310422E211F700C5F74B /* Record.swift in Sources */,
				BEF8133B23240D3000EAD664 /* UserDefaultHelper.swift in Sources */,
				BEE4A30022F556F700C0F81D /* DetailViewController.swift in Sources */,
				505D2F96245C0AAF004DF4DD /* CollectionExtensions.swift in Sources */,
				BEF78B0A232C9B600023DCA7 /* Realm+Ext.swift in Sources */,
				BE7702EC238EBA7400151140 /* BaseViewModel.swift in Sources */,
				BE04310822E3725700C5F74B /* CalenderView.swift in Sources */,
				BEE4A30922F557BC00C0F81D /* DiffusionDismissAnimation.swift in Sources */,
				503ED4562414A27C00749F89 /* CategoryListView.swift in Sources */,
				BEA3CD5E2263105000BE1DC8 /* BaseNavigationController.swift in Sources */,
				BE9F371F22DDC07D009E5E9C /* HomeViewController.swift in Sources */,
				505D2F9E245C2F41004DF4DD /* RxKeyboardHeight.swift in Sources */,
				500A20E8244D667000643B78 /* ImageFactory.swift in Sources */,
				BE04310622E3721B00C5F74B /* HomeViewModel.swift in Sources */,
				BEE831C52312E4AE00C919F8 /* CategorySelecteView.swift in Sources */,
				BE04310222E2109400C5F74B /* Category.swift in Sources */,
				50215B29244DF52C00545644 /* DetailViewModel.swift in Sources */,
				BEE4A30822F557BC00C0F81D /* DiffusionTransition.swift in Sources */,
			);
			runOnlyForDeploymentPostprocessing = 0;
		};
		BE15CBCB226308B300AFAB2C /* Sources */ = {
			isa = PBXSourcesBuildPhase;
			buildActionMask = 2147483647;
			files = (
				BE15CBD4226308B300AFAB2C /* kMoneyTests.swift in Sources */,
			);
			runOnlyForDeploymentPostprocessing = 0;
		};
		BE15CBD6226308B300AFAB2C /* Sources */ = {
			isa = PBXSourcesBuildPhase;
			buildActionMask = 2147483647;
			files = (
				BE15CBDF226308B300AFAB2C /* kMoneyUITests.swift in Sources */,
			);
			runOnlyForDeploymentPostprocessing = 0;
		};
/* End PBXSourcesBuildPhase section */

/* Begin PBXTargetDependency section */
		BE15CBD1226308B300AFAB2C /* PBXTargetDependency */ = {
			isa = PBXTargetDependency;
			target = BE15CBBA226308B000AFAB2C /* kMoney */;
			targetProxy = BE15CBD0226308B300AFAB2C /* PBXContainerItemProxy */;
		};
		BE15CBDC226308B300AFAB2C /* PBXTargetDependency */ = {
			isa = PBXTargetDependency;
			target = BE15CBBA226308B000AFAB2C /* kMoney */;
			targetProxy = BE15CBDB226308B300AFAB2C /* PBXContainerItemProxy */;
		};
/* End PBXTargetDependency section */

/* Begin PBXVariantGroup section */
		BE15CBC7226308B300AFAB2C /* LaunchScreen.storyboard */ = {
			isa = PBXVariantGroup;
			children = (
				BE15CBC8226308B300AFAB2C /* Base */,
			);
			name = LaunchScreen.storyboard;
			sourceTree = "<group>";
		};
/* End PBXVariantGroup section */

/* Begin XCBuildConfiguration section */
		BE15CBE1226308B300AFAB2C /* Debug */ = {
			isa = XCBuildConfiguration;
			buildSettings = {
				ALWAYS_SEARCH_USER_PATHS = NO;
				CLANG_ANALYZER_NONNULL = YES;
				CLANG_ANALYZER_NUMBER_OBJECT_CONVERSION = YES_AGGRESSIVE;
				CLANG_CXX_LANGUAGE_STANDARD = "gnu++14";
				CLANG_CXX_LIBRARY = "libc++";
				CLANG_ENABLE_MODULES = YES;
				CLANG_ENABLE_OBJC_ARC = YES;
				CLANG_ENABLE_OBJC_WEAK = YES;
				CLANG_WARN_BLOCK_CAPTURE_AUTORELEASING = YES;
				CLANG_WARN_BOOL_CONVERSION = YES;
				CLANG_WARN_COMMA = YES;
				CLANG_WARN_CONSTANT_CONVERSION = YES;
				CLANG_WARN_DEPRECATED_OBJC_IMPLEMENTATIONS = YES;
				CLANG_WARN_DIRECT_OBJC_ISA_USAGE = YES_ERROR;
				CLANG_WARN_DOCUMENTATION_COMMENTS = YES;
				CLANG_WARN_EMPTY_BODY = YES;
				CLANG_WARN_ENUM_CONVERSION = YES;
				CLANG_WARN_INFINITE_RECURSION = YES;
				CLANG_WARN_INT_CONVERSION = YES;
				CLANG_WARN_NON_LITERAL_NULL_CONVERSION = YES;
				CLANG_WARN_OBJC_IMPLICIT_RETAIN_SELF = YES;
				CLANG_WARN_OBJC_LITERAL_CONVERSION = YES;
				CLANG_WARN_OBJC_ROOT_CLASS = YES_ERROR;
				CLANG_WARN_RANGE_LOOP_ANALYSIS = YES;
				CLANG_WARN_STRICT_PROTOTYPES = YES;
				CLANG_WARN_SUSPICIOUS_MOVE = YES;
				CLANG_WARN_UNGUARDED_AVAILABILITY = YES_AGGRESSIVE;
				CLANG_WARN_UNREACHABLE_CODE = YES;
				CLANG_WARN__DUPLICATE_METHOD_MATCH = YES;
				CODE_SIGN_IDENTITY = "iPhone Developer";
				COPY_PHASE_STRIP = NO;
				DEBUG_INFORMATION_FORMAT = dwarf;
				ENABLE_STRICT_OBJC_MSGSEND = YES;
				ENABLE_TESTABILITY = YES;
				GCC_C_LANGUAGE_STANDARD = gnu11;
				GCC_DYNAMIC_NO_PIC = NO;
				GCC_NO_COMMON_BLOCKS = YES;
				GCC_OPTIMIZATION_LEVEL = 0;
				GCC_PREPROCESSOR_DEFINITIONS = (
					"DEBUG=1",
					"$(inherited)",
				);
				GCC_WARN_64_TO_32_BIT_CONVERSION = YES;
				GCC_WARN_ABOUT_RETURN_TYPE = YES_ERROR;
				GCC_WARN_UNDECLARED_SELECTOR = YES;
				GCC_WARN_UNINITIALIZED_AUTOS = YES_AGGRESSIVE;
				GCC_WARN_UNUSED_FUNCTION = YES;
				GCC_WARN_UNUSED_VARIABLE = YES;
				IPHONEOS_DEPLOYMENT_TARGET = 12.2;
				MTL_ENABLE_DEBUG_INFO = INCLUDE_SOURCE;
				MTL_FAST_MATH = YES;
				ONLY_ACTIVE_ARCH = YES;
				SDKROOT = iphoneos;
				SWIFT_ACTIVE_COMPILATION_CONDITIONS = DEBUG;
				SWIFT_OPTIMIZATION_LEVEL = "-Onone";
			};
			name = Debug;
		};
		BE15CBE2226308B300AFAB2C /* Release */ = {
			isa = XCBuildConfiguration;
			buildSettings = {
				ALWAYS_SEARCH_USER_PATHS = NO;
				CLANG_ANALYZER_NONNULL = YES;
				CLANG_ANALYZER_NUMBER_OBJECT_CONVERSION = YES_AGGRESSIVE;
				CLANG_CXX_LANGUAGE_STANDARD = "gnu++14";
				CLANG_CXX_LIBRARY = "libc++";
				CLANG_ENABLE_MODULES = YES;
				CLANG_ENABLE_OBJC_ARC = YES;
				CLANG_ENABLE_OBJC_WEAK = YES;
				CLANG_WARN_BLOCK_CAPTURE_AUTORELEASING = YES;
				CLANG_WARN_BOOL_CONVERSION = YES;
				CLANG_WARN_COMMA = YES;
				CLANG_WARN_CONSTANT_CONVERSION = YES;
				CLANG_WARN_DEPRECATED_OBJC_IMPLEMENTATIONS = YES;
				CLANG_WARN_DIRECT_OBJC_ISA_USAGE = YES_ERROR;
				CLANG_WARN_DOCUMENTATION_COMMENTS = YES;
				CLANG_WARN_EMPTY_BODY = YES;
				CLANG_WARN_ENUM_CONVERSION = YES;
				CLANG_WARN_INFINITE_RECURSION = YES;
				CLANG_WARN_INT_CONVERSION = YES;
				CLANG_WARN_NON_LITERAL_NULL_CONVERSION = YES;
				CLANG_WARN_OBJC_IMPLICIT_RETAIN_SELF = YES;
				CLANG_WARN_OBJC_LITERAL_CONVERSION = YES;
				CLANG_WARN_OBJC_ROOT_CLASS = YES_ERROR;
				CLANG_WARN_RANGE_LOOP_ANALYSIS = YES;
				CLANG_WARN_STRICT_PROTOTYPES = YES;
				CLANG_WARN_SUSPICIOUS_MOVE = YES;
				CLANG_WARN_UNGUARDED_AVAILABILITY = YES_AGGRESSIVE;
				CLANG_WARN_UNREACHABLE_CODE = YES;
				CLANG_WARN__DUPLICATE_METHOD_MATCH = YES;
				CODE_SIGN_IDENTITY = "iPhone Developer";
				COPY_PHASE_STRIP = NO;
				DEBUG_INFORMATION_FORMAT = "dwarf-with-dsym";
				ENABLE_NS_ASSERTIONS = NO;
				ENABLE_STRICT_OBJC_MSGSEND = YES;
				GCC_C_LANGUAGE_STANDARD = gnu11;
				GCC_NO_COMMON_BLOCKS = YES;
				GCC_WARN_64_TO_32_BIT_CONVERSION = YES;
				GCC_WARN_ABOUT_RETURN_TYPE = YES_ERROR;
				GCC_WARN_UNDECLARED_SELECTOR = YES;
				GCC_WARN_UNINITIALIZED_AUTOS = YES_AGGRESSIVE;
				GCC_WARN_UNUSED_FUNCTION = YES;
				GCC_WARN_UNUSED_VARIABLE = YES;
				IPHONEOS_DEPLOYMENT_TARGET = 12.2;
				MTL_ENABLE_DEBUG_INFO = NO;
				MTL_FAST_MATH = YES;
				SDKROOT = iphoneos;
				SWIFT_COMPILATION_MODE = wholemodule;
				SWIFT_OPTIMIZATION_LEVEL = "-O";
				VALIDATE_PRODUCT = YES;
			};
			name = Release;
		};
		BE15CBE4226308B300AFAB2C /* Debug */ = {
			isa = XCBuildConfiguration;
			baseConfigurationReference = E3753CC075D28F88815CCE5F /* Pods-kMoney.debug.xcconfig */;
			buildSettings = {
				ASSETCATALOG_COMPILER_APPICON_NAME = AppIcon;
				CODE_SIGN_STYLE = Automatic;
				DEVELOPMENT_TEAM = TSTQSY2TJN;
				INFOPLIST_FILE = "$(SRCROOT)/kMoney/Resource/Info.plist";
				IPHONEOS_DEPLOYMENT_TARGET = 13.0;
				LD_RUNPATH_SEARCH_PATHS = (
					"$(inherited)",
					"@executable_path/Frameworks",
				);
				PRODUCT_BUNDLE_IDENTIFIER = com.ohlulu.kMoney;
				PRODUCT_NAME = "$(TARGET_NAME)";
				SWIFT_VERSION = 5.0;
				TARGETED_DEVICE_FAMILY = "1,2";
			};
			name = Debug;
		};
		BE15CBE5226308B300AFAB2C /* Release */ = {
			isa = XCBuildConfiguration;
			baseConfigurationReference = 8CC4D85B3AF091562618C4ED /* Pods-kMoney.release.xcconfig */;
			buildSettings = {
				ASSETCATALOG_COMPILER_APPICON_NAME = AppIcon;
				CODE_SIGN_STYLE = Automatic;
				DEVELOPMENT_TEAM = TSTQSY2TJN;
				INFOPLIST_FILE = "$(SRCROOT)/kMoney/Resource/Info.plist";
				IPHONEOS_DEPLOYMENT_TARGET = 13.0;
				LD_RUNPATH_SEARCH_PATHS = (
					"$(inherited)",
					"@executable_path/Frameworks",
				);
				PRODUCT_BUNDLE_IDENTIFIER = com.ohlulu.kMoney;
				PRODUCT_NAME = "$(TARGET_NAME)";
				SWIFT_VERSION = 5.0;
				TARGETED_DEVICE_FAMILY = "1,2";
			};
			name = Release;
		};
		BE15CBE7226308B300AFAB2C /* Debug */ = {
			isa = XCBuildConfiguration;
			baseConfigurationReference = A000A5079EA183EBFFC630AF /* Pods-kMoneyTests.debug.xcconfig */;
			buildSettings = {
				ALWAYS_EMBED_SWIFT_STANDARD_LIBRARIES = YES;
				BUNDLE_LOADER = "$(TEST_HOST)";
				CODE_SIGN_STYLE = Automatic;
				DEVELOPMENT_TEAM = TSTQSY2TJN;
				INFOPLIST_FILE = kMoneyTests/Info.plist;
				LD_RUNPATH_SEARCH_PATHS = (
					"$(inherited)",
					"@executable_path/Frameworks",
					"@loader_path/Frameworks",
				);
				PRODUCT_BUNDLE_IDENTIFIER = com.ohlulu.kMoney.kMoneyTests;
				PRODUCT_NAME = "$(TARGET_NAME)";
				SWIFT_VERSION = 5.0;
				TARGETED_DEVICE_FAMILY = "1,2";
				TEST_HOST = "$(BUILT_PRODUCTS_DIR)/kMoney.app/kMoney";
			};
			name = Debug;
		};
		BE15CBE8226308B300AFAB2C /* Release */ = {
			isa = XCBuildConfiguration;
			baseConfigurationReference = EFC94C01D0F741EAF9B19809 /* Pods-kMoneyTests.release.xcconfig */;
			buildSettings = {
				ALWAYS_EMBED_SWIFT_STANDARD_LIBRARIES = YES;
				BUNDLE_LOADER = "$(TEST_HOST)";
				CODE_SIGN_STYLE = Automatic;
				DEVELOPMENT_TEAM = TSTQSY2TJN;
				INFOPLIST_FILE = kMoneyTests/Info.plist;
				LD_RUNPATH_SEARCH_PATHS = (
					"$(inherited)",
					"@executable_path/Frameworks",
					"@loader_path/Frameworks",
				);
				PRODUCT_BUNDLE_IDENTIFIER = com.ohlulu.kMoney.kMoneyTests;
				PRODUCT_NAME = "$(TARGET_NAME)";
				SWIFT_VERSION = 5.0;
				TARGETED_DEVICE_FAMILY = "1,2";
				TEST_HOST = "$(BUILT_PRODUCTS_DIR)/kMoney.app/kMoney";
			};
			name = Release;
		};
		BE15CBEA226308B300AFAB2C /* Debug */ = {
			isa = XCBuildConfiguration;
			baseConfigurationReference = 952CC604BDEB6C93D2BD4B79 /* Pods-kMoneyUITests.debug.xcconfig */;
			buildSettings = {
				ALWAYS_EMBED_SWIFT_STANDARD_LIBRARIES = YES;
				CODE_SIGN_STYLE = Automatic;
				DEVELOPMENT_TEAM = TSTQSY2TJN;
				INFOPLIST_FILE = kMoneyUITests/Info.plist;
				LD_RUNPATH_SEARCH_PATHS = (
					"$(inherited)",
					"@executable_path/Frameworks",
					"@loader_path/Frameworks",
				);
				PRODUCT_BUNDLE_IDENTIFIER = com.ohlulu.kMoney.kMoneyUITests;
				PRODUCT_NAME = "$(TARGET_NAME)";
				SWIFT_VERSION = 5.0;
				TARGETED_DEVICE_FAMILY = "1,2";
				TEST_TARGET_NAME = kMoney;
			};
			name = Debug;
		};
		BE15CBEB226308B300AFAB2C /* Release */ = {
			isa = XCBuildConfiguration;
			baseConfigurationReference = 4EA9D0F760CA475B2F8D7A85 /* Pods-kMoneyUITests.release.xcconfig */;
			buildSettings = {
				ALWAYS_EMBED_SWIFT_STANDARD_LIBRARIES = YES;
				CODE_SIGN_STYLE = Automatic;
				DEVELOPMENT_TEAM = TSTQSY2TJN;
				INFOPLIST_FILE = kMoneyUITests/Info.plist;
				LD_RUNPATH_SEARCH_PATHS = (
					"$(inherited)",
					"@executable_path/Frameworks",
					"@loader_path/Frameworks",
				);
				PRODUCT_BUNDLE_IDENTIFIER = com.ohlulu.kMoney.kMoneyUITests;
				PRODUCT_NAME = "$(TARGET_NAME)";
				SWIFT_VERSION = 5.0;
				TARGETED_DEVICE_FAMILY = "1,2";
				TEST_TARGET_NAME = kMoney;
			};
			name = Release;
		};
/* End XCBuildConfiguration section */

/* Begin XCConfigurationList section */
		BE15CBB6226308B000AFAB2C /* Build configuration list for PBXProject "kMoney" */ = {
			isa = XCConfigurationList;
			buildConfigurations = (
				BE15CBE1226308B300AFAB2C /* Debug */,
				BE15CBE2226308B300AFAB2C /* Release */,
			);
			defaultConfigurationIsVisible = 0;
			defaultConfigurationName = Release;
		};
		BE15CBE3226308B300AFAB2C /* Build configuration list for PBXNativeTarget "kMoney" */ = {
			isa = XCConfigurationList;
			buildConfigurations = (
				BE15CBE4226308B300AFAB2C /* Debug */,
				BE15CBE5226308B300AFAB2C /* Release */,
			);
			defaultConfigurationIsVisible = 0;
			defaultConfigurationName = Release;
		};
		BE15CBE6226308B300AFAB2C /* Build configuration list for PBXNativeTarget "kMoneyTests" */ = {
			isa = XCConfigurationList;
			buildConfigurations = (
				BE15CBE7226308B300AFAB2C /* Debug */,
				BE15CBE8226308B300AFAB2C /* Release */,
			);
			defaultConfigurationIsVisible = 0;
			defaultConfigurationName = Release;
		};
		BE15CBE9226308B300AFAB2C /* Build configuration list for PBXNativeTarget "kMoneyUITests" */ = {
			isa = XCConfigurationList;
			buildConfigurations = (
				BE15CBEA226308B300AFAB2C /* Debug */,
				BE15CBEB226308B300AFAB2C /* Release */,
			);
			defaultConfigurationIsVisible = 0;
			defaultConfigurationName = Release;
		};
/* End XCConfigurationList section */
	};
	rootObject = BE15CBB3226308B000AFAB2C /* Project object */;
}
